
Microsoft Visual Studio Solution File, Format Version 12.00
Project("{FAE04EC0-301F-11D3-BF4B-00C04F79EFBC}") = "SoftwareDesignPrinciples", "SoftwareDesignPrinciples\SoftwareDesignPrinciples.csproj", "{54DA5F2F-CA46-4C6D-96B5-594B26E1C838}"
EndProject
Project("{2150E333-8FDC-42A3-9474-1A3956D46DE8}") = "Examples", "Examples", "{84CB38E5-CA86-4648-A905-821479C21859}"
EndProject
Project("{2150E333-8FDC-42A3-9474-1A3956D46DE8}") = "SmartHome", "SmartHome", "{19A6DDB3-5757-4BF8-90B9-4AB7008BF264}"
EndProject
Project("{FAE04EC0-301F-11D3-BF4B-00C04F79EFBC}") = "SmartHome", "SmartHome\SmartHome.csproj", "{5A33B608-B4FC-4841-A7DA-878291DD15B4}"
EndProject
Project("{FAE04EC0-301F-11D3-BF4B-00C04F79EFBC}") = "SmartHome.Temperature", "SmartHome.Temperature\SmartHome.Temperature.csproj", "{A1635EE2-100B-49AB-8D1B-AAA257E5D120}"
EndProject
Project("{FAE04EC0-301F-11D3-BF4B-00C04F79EFBC}") = "EventBus", "EventBus\EventBus.csproj", "{8E1A3E2B-021B-4C6B-85EB-047195D25A64}"
EndProject
Project("{FAE04EC0-301F-11D3-BF4B-00C04F79EFBC}") = "SmartHome.Starter", "SmartHome.Starter\SmartHome.Starter.csproj", "{D15A11EA-0FDB-4B96-B611-1718DE0C17AB}"
EndProject
Project("{2150E333-8FDC-42A3-9474-1A3956D46DE8}") = "Employees", "Employees", "{C57D72B8-C720-4727-9F8B-8CFE96918765}"
EndProject
Project("{FAE04EC0-301F-11D3-BF4B-00C04F79EFBC}") = "Employees.Starter", "Employees.Starter\Employees.Starter.csproj", "{2D93BAB6-A755-4C45-9967-671095FBFE26}"
EndProject
Project("{FAE04EC0-301F-11D3-BF4B-00C04F79EFBC}") = "Employees.Vacations", "Employees.Vacations\Employees.Vacations.csproj", "{FB7F3CB4-1161-4DF2-BC9E-7C17F6344A71}"
EndProject
Project("{FAE04EC0-301F-11D3-BF4B-00C04F79EFBC}") = "Employees.Salaries", "Employees.Salaries\Employees.Salaries.csproj", "{CC744E1E-09AD-46B6-A090-8DA7EF839190}"
EndProject
Project("{FAE04EC0-301F-11D3-BF4B-00C04F79EFBC}") = "Employees.App", "Employees.App\Employees.App.csproj", "{4C70BE82-659D-473F-9EEB-066A9D3BD9F3}"
EndProject
Project("{FAE04EC0-301F-11D3-BF4B-00C04F79EFBC}") = "Employess.Core", "Employess.Core\Employess.Core.csproj", "{38CC3DEE-B6E6-4BCE-AC1F-48D213907427}"
EndProject
Project("{FAE04EC0-301F-11D3-BF4B-00C04F79EFBC}") = "Employees.Domain", "Employees.Domain\Employees.Domain.csproj", "{7E9C1D64-E90F-49BA-88BF-85C714EC096E}"
EndProject
Project("{2150E333-8FDC-42A3-9474-1A3956D46DE8}") = "Samples", "Samples", "{25770CFC-857C-49B9-B0AD-5D0328412689}"
EndProject
Project("{FAE04EC0-301F-11D3-BF4B-00C04F79EFBC}") = "ReflectionSample", "ReflectionSample\ReflectionSample.csproj", "{1B79F2CD-8BAA-4AF9-85C8-9B76C16C7621}"
EndProject
Project("{2150E333-8FDC-42A3-9474-1A3956D46DE8}") = "DI", "DI", "{C41D1C4B-F075-4BBF-B92C-8B2C4C9AF614}"
EndProject
Project("{FAE04EC0-301F-11D3-BF4B-00C04F79EFBC}") = "DI.Core", "DI.Core\DI.Core.csproj", "{02A56CDE-5F88-459F-9EB5-3A1F75AA2FE2}"
EndProject
Project("{FAE04EC0-301F-11D3-BF4B-00C04F79EFBC}") = "DI.Starter", "DI.Starter\DI.Starter.csproj", "{C7E9FC69-EF36-4149-BBCD-4BAC31B98A1C}"
EndProject
Project("{2150E333-8FDC-42A3-9474-1A3956D46DE8}") = "TicTacToe", "TicTacToe", "{12437CBF-EF2A-407B-A226-A4ECABACC7BC}"
EndProject
Project("{FAE04EC0-301F-11D3-BF4B-00C04F79EFBC}") = "TicTacToe.Model", "TicTacToe.Model\TicTacToe.Model.csproj", "{AD0279F5-8E01-4888-8493-979150B65601}"
EndProject
Project("{FAE04EC0-301F-11D3-BF4B-00C04F79EFBC}") = "TicTacToe.Console.Input", "TicTacToe.Console.Input\TicTacToe.Console.Input.csproj", "{FC9F4482-D382-48A9-A9F5-1C35A38BEBDF}"
EndProject
Project("{FAE04EC0-301F-11D3-BF4B-00C04F79EFBC}") = "TicTacToe.Console.App", "TicTacToe.Console.App\TicTacToe.Console.App.csproj", "{41B74984-E11C-4669-85B5-E89B2B9422A9}"
EndProject
Project("{FAE04EC0-301F-11D3-BF4B-00C04F79EFBC}") = "TicTacToe.View.Console", "TicTacToe.View.Console\TicTacToe.View.Console.csproj", "{A7927D4B-0C99-4E2D-B458-40E9415B8ECD}"
EndProject
Project("{FAE04EC0-301F-11D3-BF4B-00C04F79EFBC}") = "TicTacToe.Model.Tests", "TicTacToe.Model.Tests\TicTacToe.Model.Tests.csproj", "{31311C50-B464-41BD-AF7D-C2AAF05DA422}"
EndProject
Global
	GlobalSection(SolutionConfigurationPlatforms) = preSolution
		Debug|Any CPU = Debug|Any CPU
		Release|Any CPU = Release|Any CPU
	EndGlobalSection
	GlobalSection(ProjectConfigurationPlatforms) = postSolution
		{54DA5F2F-CA46-4C6D-96B5-594B26E1C838}.Debug|Any CPU.ActiveCfg = Debug|Any CPU
		{54DA5F2F-CA46-4C6D-96B5-594B26E1C838}.Debug|Any CPU.Build.0 = Debug|Any CPU
		{54DA5F2F-CA46-4C6D-96B5-594B26E1C838}.Release|Any CPU.ActiveCfg = Release|Any CPU
		{54DA5F2F-CA46-4C6D-96B5-594B26E1C838}.Release|Any CPU.Build.0 = Release|Any CPU
		{5A33B608-B4FC-4841-A7DA-878291DD15B4}.Debug|Any CPU.ActiveCfg = Debug|Any CPU
		{5A33B608-B4FC-4841-A7DA-878291DD15B4}.Debug|Any CPU.Build.0 = Debug|Any CPU
		{5A33B608-B4FC-4841-A7DA-878291DD15B4}.Release|Any CPU.ActiveCfg = Release|Any CPU
		{5A33B608-B4FC-4841-A7DA-878291DD15B4}.Release|Any CPU.Build.0 = Release|Any CPU
		{A1635EE2-100B-49AB-8D1B-AAA257E5D120}.Debug|Any CPU.ActiveCfg = Debug|Any CPU
		{A1635EE2-100B-49AB-8D1B-AAA257E5D120}.Debug|Any CPU.Build.0 = Debug|Any CPU
		{A1635EE2-100B-49AB-8D1B-AAA257E5D120}.Release|Any CPU.ActiveCfg = Release|Any CPU
		{A1635EE2-100B-49AB-8D1B-AAA257E5D120}.Release|Any CPU.Build.0 = Release|Any CPU
		{8E1A3E2B-021B-4C6B-85EB-047195D25A64}.Debug|Any CPU.ActiveCfg = Debug|Any CPU
		{8E1A3E2B-021B-4C6B-85EB-047195D25A64}.Debug|Any CPU.Build.0 = Debug|Any CPU
		{8E1A3E2B-021B-4C6B-85EB-047195D25A64}.Release|Any CPU.ActiveCfg = Release|Any CPU
		{8E1A3E2B-021B-4C6B-85EB-047195D25A64}.Release|Any CPU.Build.0 = Release|Any CPU
		{D15A11EA-0FDB-4B96-B611-1718DE0C17AB}.Debug|Any CPU.ActiveCfg = Debug|Any CPU
		{D15A11EA-0FDB-4B96-B611-1718DE0C17AB}.Debug|Any CPU.Build.0 = Debug|Any CPU
		{D15A11EA-0FDB-4B96-B611-1718DE0C17AB}.Release|Any CPU.ActiveCfg = Release|Any CPU
		{D15A11EA-0FDB-4B96-B611-1718DE0C17AB}.Release|Any CPU.Build.0 = Release|Any CPU
		{2D93BAB6-A755-4C45-9967-671095FBFE26}.Debug|Any CPU.ActiveCfg = Debug|Any CPU
		{2D93BAB6-A755-4C45-9967-671095FBFE26}.Debug|Any CPU.Build.0 = Debug|Any CPU
		{2D93BAB6-A755-4C45-9967-671095FBFE26}.Release|Any CPU.ActiveCfg = Release|Any CPU
		{2D93BAB6-A755-4C45-9967-671095FBFE26}.Release|Any CPU.Build.0 = Release|Any CPU
		{FB7F3CB4-1161-4DF2-BC9E-7C17F6344A71}.Debug|Any CPU.ActiveCfg = Debug|Any CPU
		{FB7F3CB4-1161-4DF2-BC9E-7C17F6344A71}.Debug|Any CPU.Build.0 = Debug|Any CPU
		{FB7F3CB4-1161-4DF2-BC9E-7C17F6344A71}.Release|Any CPU.ActiveCfg = Release|Any CPU
		{FB7F3CB4-1161-4DF2-BC9E-7C17F6344A71}.Release|Any CPU.Build.0 = Release|Any CPU
		{CC744E1E-09AD-46B6-A090-8DA7EF839190}.Debug|Any CPU.ActiveCfg = Debug|Any CPU
		{CC744E1E-09AD-46B6-A090-8DA7EF839190}.Debug|Any CPU.Build.0 = Debug|Any CPU
		{CC744E1E-09AD-46B6-A090-8DA7EF839190}.Release|Any CPU.ActiveCfg = Release|Any CPU
		{CC744E1E-09AD-46B6-A090-8DA7EF839190}.Release|Any CPU.Build.0 = Release|Any CPU
		{4C70BE82-659D-473F-9EEB-066A9D3BD9F3}.Debug|Any CPU.ActiveCfg = Debug|Any CPU
		{4C70BE82-659D-473F-9EEB-066A9D3BD9F3}.Debug|Any CPU.Build.0 = Debug|Any CPU
		{4C70BE82-659D-473F-9EEB-066A9D3BD9F3}.Release|Any CPU.ActiveCfg = Release|Any CPU
		{4C70BE82-659D-473F-9EEB-066A9D3BD9F3}.Release|Any CPU.Build.0 = Release|Any CPU
		{38CC3DEE-B6E6-4BCE-AC1F-48D213907427}.Debug|Any CPU.ActiveCfg = Debug|Any CPU
		{38CC3DEE-B6E6-4BCE-AC1F-48D213907427}.Debug|Any CPU.Build.0 = Debug|Any CPU
		{38CC3DEE-B6E6-4BCE-AC1F-48D213907427}.Release|Any CPU.ActiveCfg = Release|Any CPU
		{38CC3DEE-B6E6-4BCE-AC1F-48D213907427}.Release|Any CPU.Build.0 = Release|Any CPU
		{7E9C1D64-E90F-49BA-88BF-85C714EC096E}.Debug|Any CPU.ActiveCfg = Debug|Any CPU
		{7E9C1D64-E90F-49BA-88BF-85C714EC096E}.Debug|Any CPU.Build.0 = Debug|Any CPU
		{7E9C1D64-E90F-49BA-88BF-85C714EC096E}.Release|Any CPU.ActiveCfg = Release|Any CPU
		{7E9C1D64-E90F-49BA-88BF-85C714EC096E}.Release|Any CPU.Build.0 = Release|Any CPU
		{1B79F2CD-8BAA-4AF9-85C8-9B76C16C7621}.Debug|Any CPU.ActiveCfg = Debug|Any CPU
		{1B79F2CD-8BAA-4AF9-85C8-9B76C16C7621}.Debug|Any CPU.Build.0 = Debug|Any CPU
		{1B79F2CD-8BAA-4AF9-85C8-9B76C16C7621}.Release|Any CPU.ActiveCfg = Release|Any CPU
		{1B79F2CD-8BAA-4AF9-85C8-9B76C16C7621}.Release|Any CPU.Build.0 = Release|Any CPU
		{02A56CDE-5F88-459F-9EB5-3A1F75AA2FE2}.Debug|Any CPU.ActiveCfg = Debug|Any CPU
		{02A56CDE-5F88-459F-9EB5-3A1F75AA2FE2}.Debug|Any CPU.Build.0 = Debug|Any CPU
		{02A56CDE-5F88-459F-9EB5-3A1F75AA2FE2}.Release|Any CPU.ActiveCfg = Release|Any CPU
		{02A56CDE-5F88-459F-9EB5-3A1F75AA2FE2}.Release|Any CPU.Build.0 = Release|Any CPU
		{C7E9FC69-EF36-4149-BBCD-4BAC31B98A1C}.Debug|Any CPU.ActiveCfg = Debug|Any CPU
		{C7E9FC69-EF36-4149-BBCD-4BAC31B98A1C}.Debug|Any CPU.Build.0 = Debug|Any CPU
		{C7E9FC69-EF36-4149-BBCD-4BAC31B98A1C}.Release|Any CPU.ActiveCfg = Release|Any CPU
		{C7E9FC69-EF36-4149-BBCD-4BAC31B98A1C}.Release|Any CPU.Build.0 = Release|Any CPU
		{AD0279F5-8E01-4888-8493-979150B65601}.Debug|Any CPU.ActiveCfg = Debug|Any CPU
		{AD0279F5-8E01-4888-8493-979150B65601}.Debug|Any CPU.Build.0 = Debug|Any CPU
		{AD0279F5-8E01-4888-8493-979150B65601}.Release|Any CPU.ActiveCfg = Release|Any CPU
		{AD0279F5-8E01-4888-8493-979150B65601}.Release|Any CPU.Build.0 = Release|Any CPU
		{FC9F4482-D382-48A9-A9F5-1C35A38BEBDF}.Debug|Any CPU.ActiveCfg = Debug|Any CPU
		{FC9F4482-D382-48A9-A9F5-1C35A38BEBDF}.Debug|Any CPU.Build.0 = Debug|Any CPU
		{FC9F4482-D382-48A9-A9F5-1C35A38BEBDF}.Release|Any CPU.ActiveCfg = Release|Any CPU
		{FC9F4482-D382-48A9-A9F5-1C35A38BEBDF}.Release|Any CPU.Build.0 = Release|Any CPU
		{41B74984-E11C-4669-85B5-E89B2B9422A9}.Debug|Any CPU.ActiveCfg = Debug|Any CPU
		{41B74984-E11C-4669-85B5-E89B2B9422A9}.Debug|Any CPU.Build.0 = Debug|Any CPU
		{41B74984-E11C-4669-85B5-E89B2B9422A9}.Release|Any CPU.ActiveCfg = Release|Any CPU
		{41B74984-E11C-4669-85B5-E89B2B9422A9}.Release|Any CPU.Build.0 = Release|Any CPU
		{A7927D4B-0C99-4E2D-B458-40E9415B8ECD}.Debug|Any CPU.ActiveCfg = Debug|Any CPU
		{A7927D4B-0C99-4E2D-B458-40E9415B8ECD}.Debug|Any CPU.Build.0 = Debug|Any CPU
		{A7927D4B-0C99-4E2D-B458-40E9415B8ECD}.Release|Any CPU.ActiveCfg = Release|Any CPU
		{A7927D4B-0C99-4E2D-B458-40E9415B8ECD}.Release|Any CPU.Build.0 = Release|Any CPU
		{31311C50-B464-41BD-AF7D-C2AAF05DA422}.Debug|Any CPU.ActiveCfg = Debug|Any CPU
		{31311C50-B464-41BD-AF7D-C2AAF05DA422}.Debug|Any CPU.Build.0 = Debug|Any CPU
		{31311C50-B464-41BD-AF7D-C2AAF05DA422}.Release|Any CPU.ActiveCfg = Release|Any CPU
		{31311C50-B464-41BD-AF7D-C2AAF05DA422}.Release|Any CPU.Build.0 = Release|Any CPU
	EndGlobalSection
	GlobalSection(NestedProjects) = preSolution
		{54DA5F2F-CA46-4C6D-96B5-594B26E1C838} = {84CB38E5-CA86-4648-A905-821479C21859}
		{19A6DDB3-5757-4BF8-90B9-4AB7008BF264} = {84CB38E5-CA86-4648-A905-821479C21859}
		{5A33B608-B4FC-4841-A7DA-878291DD15B4} = {19A6DDB3-5757-4BF8-90B9-4AB7008BF264}
		{A1635EE2-100B-49AB-8D1B-AAA257E5D120} = {19A6DDB3-5757-4BF8-90B9-4AB7008BF264}
		{8E1A3E2B-021B-4C6B-85EB-047195D25A64} = {19A6DDB3-5757-4BF8-90B9-4AB7008BF264}
		{D15A11EA-0FDB-4B96-B611-1718DE0C17AB} = {19A6DDB3-5757-4BF8-90B9-4AB7008BF264}
		{C57D72B8-C720-4727-9F8B-8CFE96918765} = {84CB38E5-CA86-4648-A905-821479C21859}
		{2D93BAB6-A755-4C45-9967-671095FBFE26} = {C57D72B8-C720-4727-9F8B-8CFE96918765}
		{FB7F3CB4-1161-4DF2-BC9E-7C17F6344A71} = {C57D72B8-C720-4727-9F8B-8CFE96918765}
		{CC744E1E-09AD-46B6-A090-8DA7EF839190} = {C57D72B8-C720-4727-9F8B-8CFE96918765}
		{4C70BE82-659D-473F-9EEB-066A9D3BD9F3} = {C57D72B8-C720-4727-9F8B-8CFE96918765}
		{38CC3DEE-B6E6-4BCE-AC1F-48D213907427} = {C57D72B8-C720-4727-9F8B-8CFE96918765}
		{7E9C1D64-E90F-49BA-88BF-85C714EC096E} = {C57D72B8-C720-4727-9F8B-8CFE96918765}
		{25770CFC-857C-49B9-B0AD-5D0328412689} = {84CB38E5-CA86-4648-A905-821479C21859}
		{1B79F2CD-8BAA-4AF9-85C8-9B76C16C7621} = {25770CFC-857C-49B9-B0AD-5D0328412689}
		{C41D1C4B-F075-4BBF-B92C-8B2C4C9AF614} = {84CB38E5-CA86-4648-A905-821479C21859}
		{02A56CDE-5F88-459F-9EB5-3A1F75AA2FE2} = {C41D1C4B-F075-4BBF-B92C-8B2C4C9AF614}
		{C7E9FC69-EF36-4149-BBCD-4BAC31B98A1C} = {C41D1C4B-F075-4BBF-B92C-8B2C4C9AF614}
		{12437CBF-EF2A-407B-A226-A4ECABACC7BC} = {84CB38E5-CA86-4648-A905-821479C21859}
		{AD0279F5-8E01-4888-8493-979150B65601} = {12437CBF-EF2A-407B-A226-A4ECABACC7BC}
		{FC9F4482-D382-48A9-A9F5-1C35A38BEBDF} = {12437CBF-EF2A-407B-A226-A4ECABACC7BC}
		{41B74984-E11C-4669-85B5-E89B2B9422A9} = {12437CBF-EF2A-407B-A226-A4ECABACC7BC}
		{A7927D4B-0C99-4E2D-B458-40E9415B8ECD} = {12437CBF-EF2A-407B-A226-A4ECABACC7BC}
		{31311C50-B464-41BD-AF7D-C2AAF05DA422} = {12437CBF-EF2A-407B-A226-A4ECABACC7BC}
	EndGlobalSection
EndGlobal
