
Microsoft Visual Studio Solution File, Format Version 12.00
Project("{FAE04EC0-301F-11D3-BF4B-00C04F79EFBC}") = "SoftwareDesignPrinciples", "SoftwareDesignPrinciples\SoftwareDesignPrinciples.csproj", "{54DA5F2F-CA46-4C6D-96B5-594B26E1C838}"
EndProject
Project("{2150E333-8FDC-42A3-9474-1A3956D46DE8}") = "Examples", "Examples", "{84CB38E5-CA86-4648-A905-821479C21859}"
EndProject
Project("{2150E333-8FDC-42A3-9474-1A3956D46DE8}") = "SmartHome", "SmartHome", "{19A6DDB3-5757-4BF8-90B9-4AB7008BF264}"
EndProject
Project("{FAE04EC0-301F-11D3-BF4B-00C04F79EFBC}") = "SmartHome", "SmartHome\SmartHome.csproj", "{5A33B608-B4FC-4841-A7DA-878291DD15B4}"
EndProject
Project("{FAE04EC0-301F-11D3-BF4B-00C04F79EFBC}") = "SmartHome.Temperature", "SmartHome.Temperature\SmartHome.Temperature.csproj", "{A1635EE2-100B-49AB-8D1B-AAA257E5D120}"
EndProject
Project("{FAE04EC0-301F-11D3-BF4B-00C04F79EFBC}") = "EventBus", "EventBus\EventBus.csproj", "{8E1A3E2B-021B-4C6B-85EB-047195D25A64}"
EndProject
Project("{FAE04EC0-301F-11D3-BF4B-00C04F79EFBC}") = "SmartHome.Starter", "SmartHome.Starter\SmartHome.Starter.csproj", "{D15A11EA-0FDB-4B96-B611-1718DE0C17AB}"
EndProject
Project("{2150E333-8FDC-42A3-9474-1A3956D46DE8}") = "Employees", "Employees", "{C57D72B8-C720-4727-9F8B-8CFE96918765}"
EndProject
Project("{FAE04EC0-301F-11D3-BF4B-00C04F79EFBC}") = "Employees.Starter", "Employees.Starter\Employees.Starter.csproj", "{2D93BAB6-A755-4C45-9967-671095FBFE26}"
EndProject
Project("{FAE04EC0-301F-11D3-BF4B-00C04F79EFBC}") = "Employees.Vacations", "Employees.Vacations\Employees.Vacations.csproj", "{FB7F3CB4-1161-4DF2-BC9E-7C17F6344A71}"
EndProject
Project("{FAE04EC0-301F-11D3-BF4B-00C04F79EFBC}") = "Employees.Salaries", "Employees.Salaries\Employees.Salaries.csproj", "{CC744E1E-09AD-46B6-A090-8DA7EF839190}"
EndProject
Project("{FAE04EC0-301F-11D3-BF4B-00C04F79EFBC}") = "Employees.App", "Employees.App\Employees.App.csproj", "{4C70BE82-659D-473F-9EEB-066A9D3BD9F3}"
EndProject
Project("{FAE04EC0-301F-11D3-BF4B-00C04F79EFBC}") = "Employess.Core", "Employess.Core\Employess.Core.csproj", "{38CC3DEE-B6E6-4BCE-AC1F-48D213907427}"
EndProject
Project("{FAE04EC0-301F-11D3-BF4B-00C04F79EFBC}") = "Employees.Domain", "Employees.Domain\Employees.Domain.csproj", "{7E9C1D64-E90F-49BA-88BF-85C714EC096E}"
EndProject
Project("{2150E333-8FDC-42A3-9474-1A3956D46DE8}") = "Samples", "Samples", "{25770CFC-857C-49B9-B0AD-5D0328412689}"
EndProject
Project("{FAE04EC0-301F-11D3-BF4B-00C04F79EFBC}") = "ReflectionSample", "ReflectionSample\ReflectionSample.csproj", "{1B79F2CD-8BAA-4AF9-85C8-9B76C16C7621}"
EndProject
Project("{2150E333-8FDC-42A3-9474-1A3956D46DE8}") = "DI", "DI", "{C41D1C4B-F075-4BBF-B92C-8B2C4C9AF614}"
EndProject
Project("{FAE04EC0-301F-11D3-BF4B-00C04F79EFBC}") = "DI.Core", "DI.Core\DI.Core.csproj", "{02A56CDE-5F88-459F-9EB5-3A1F75AA2FE2}"
EndProject
Project("{FAE04EC0-301F-11D3-BF4B-00C04F79EFBC}") = "DI.Starter", "DI.Starter\DI.Starter.csproj", "{C7E9FC69-EF36-4149-BBCD-4BAC31B98A1C}"
EndProject
Project("{2150E333-8FDC-42A3-9474-1A3956D46DE8}") = "TicTacToe", "TicTacToe", "{12437CBF-EF2A-407B-A226-A4ECABACC7BC}"
EndProject
Project("{FAE04EC0-301F-11D3-BF4B-00C04F79EFBC}") = "TicTacToe.Model", "TicTacToe.Model\TicTacToe.Model.csproj", "{AD0279F5-8E01-4888-8493-979150B65601}"
EndProject
Project("{FAE04EC0-301F-11D3-BF4B-00C04F79EFBC}") = "TicTacToe.Console.Input", "TicTacToe.Console.Input\TicTacToe.Console.Input.csproj", "{FC9F4482-D382-48A9-A9F5-1C35A38BEBDF}"
EndProject
Project("{FAE04EC0-301F-11D3-BF4B-00C04F79EFBC}") = "TicTacToe.Console.App", "TicTacToe.Console.App\TicTacToe.Console.App.csproj", "{41B74984-E11C-4669-85B5-E89B2B9422A9}"
EndProject
Project("{FAE04EC0-301F-11D3-BF4B-00C04F79EFBC}") = "TicTacToe.View.Console", "TicTacToe.View.Console\TicTacToe.View.Console.csproj", "{A7927D4B-0C99-4E2D-B458-40E9415B8ECD}"
EndProject
Project("{FAE04EC0-301F-11D3-BF4B-00C04F79EFBC}") = "TicTacToe.Model.Tests", "TicTacToe.Model.Tests\TicTacToe.Model.Tests.csproj", "{31311C50-B464-41BD-AF7D-C2AAF05DA422}"
EndProject
Project("{2150E333-8FDC-42A3-9474-1A3956D46DE8}") = "ThreeLayers", "ThreeLayers", "{C2932E56-1F41-4A47-B3AA-3E36CE4AA527}"
EndProject
Project("{2150E333-8FDC-42A3-9474-1A3956D46DE8}") = "Game", "Game", "{DCCE128A-D6D9-44ED-8BC3-85C118A5C1C4}"
EndProject
Project("{FAE04EC0-301F-11D3-BF4B-00C04F79EFBC}") = "Game.Field", "Game.Field\Game.Field.csproj", "{E42B11A4-5AE8-4EF5-918B-658FF3A24156}"
EndProject
Project("{FAE04EC0-301F-11D3-BF4B-00C04F79EFBC}") = "Game.Application", "Game.Application\Game.Application.csproj", "{8E25AFA8-2D33-4305-9143-F215B9746CD3}"
EndProject
Project("{FAE04EC0-301F-11D3-BF4B-00C04F79EFBC}") = "Game.Starter", "Game.Starter\Game.Starter.csproj", "{0ACAEC18-3E04-410A-B803-BF9AC5A3CE48}"
EndProject
Project("{FAE04EC0-301F-11D3-BF4B-00C04F79EFBC}") = "Game.Creatures", "Game.Creatures\Game.Creatures.csproj", "{DB2B18B8-734F-45CF-8AF4-141E1C9F7522}"
EndProject
Project("{FAE04EC0-301F-11D3-BF4B-00C04F79EFBC}") = "Game.Spells", "Game.Spells\Game.Spells.csproj", "{2E3DCE66-52B4-4E76-9E3C-6E4E8261EF7C}"
EndProject
Project("{FAE04EC0-301F-11D3-BF4B-00C04F79EFBC}") = "Movies.Web", "Movies.Web\Movies.Web.csproj", "{22FDCB12-F706-4B00-9ACA-85F965804C77}"
EndProject
Project("{FAE04EC0-301F-11D3-BF4B-00C04F79EFBC}") = "Movies.Services", "Movies.Services\Movies.Services.csproj", "{4235BBE3-D10D-4F13-9743-D89ECD8D6EBD}"
EndProject
Project("{FAE04EC0-301F-11D3-BF4B-00C04F79EFBC}") = "Movies.DataLayer", "Movies.DataLayer\Movies.DataLayer.csproj", "{4D45A8F6-7A28-4100-8ADC-1B2BA0D612BF}"
EndProject
Project("{2150E333-8FDC-42A3-9474-1A3956D46DE8}") = "Backend", "Backend", "{3D4F902B-F257-45F0-BE59-8515248EF904}"
EndProject
Project("{2150E333-8FDC-42A3-9474-1A3956D46DE8}") = "ThreeLayer", "ThreeLayer", "{6AEC4C71-7B0B-45AF-8F8C-74244AB9B0E5}"
EndProject
Project("{FAE04EC0-301F-11D3-BF4B-00C04F79EFBC}") = "Recommendations.Web", "Recommendations.Web\Recommendations.Web.csproj", "{2E76A89D-B07C-4BE9-8275-F08697898E4F}"
EndProject
Project("{FAE04EC0-301F-11D3-BF4B-00C04F79EFBC}") = "Recommendations.BusinessLayer", "Recommendations.BusinessLayer\Recommendations.BusinessLayer.csproj", "{A5CBAA19-C9B2-4026-9802-728D837EBA26}"
EndProject
Project("{FAE04EC0-301F-11D3-BF4B-00C04F79EFBC}") = "Recommendations.DataLayer", "Recommendations.DataLayer\Recommendations.DataLayer.csproj", "{DE445091-E4B3-43A1-884A-5918664CF081}"
EndProject
Project("{2150E333-8FDC-42A3-9474-1A3956D46DE8}") = "Clean", "Clean", "{999CC6CA-74AA-40F3-9851-F073137C8C4A}"
EndProject
Project("{FAE04EC0-301F-11D3-BF4B-00C04F79EFBC}") = "Clean.Web", "Clean.Web\Clean.Web.csproj", "{CBC5A080-AD76-4406-9C8D-5E34C2610007}"
EndProject
Project("{FAE04EC0-301F-11D3-BF4B-00C04F79EFBC}") = "Clean.Application", "Clean.Application\Clean.Application.csproj", "{160D3E35-5151-4C16-99FC-F370AB81AB2C}"
EndProject
Project("{FAE04EC0-301F-11D3-BF4B-00C04F79EFBC}") = "Clean.Domain", "Clean.Domain\Clean.Domain.csproj", "{A77FB9C3-8F03-4891-9903-115F56B7E760}"
EndProject
Project("{FAE04EC0-301F-11D3-BF4B-00C04F79EFBC}") = "Clean.Infrastructure", "Clean.Infrastructure\Clean.Infrastructure.csproj", "{7558DF23-B700-4B4C-B469-AF8B5D821DC1}"
EndProject
Global
	GlobalSection(SolutionConfigurationPlatforms) = preSolution
		Debug|Any CPU = Debug|Any CPU
		Release|Any CPU = Release|Any CPU
	EndGlobalSection
	GlobalSection(ProjectConfigurationPlatforms) = postSolution
		{54DA5F2F-CA46-4C6D-96B5-594B26E1C838}.Debug|Any CPU.ActiveCfg = Debug|Any CPU
		{54DA5F2F-CA46-4C6D-96B5-594B26E1C838}.Debug|Any CPU.Build.0 = Debug|Any CPU
		{54DA5F2F-CA46-4C6D-96B5-594B26E1C838}.Release|Any CPU.ActiveCfg = Release|Any CPU
		{54DA5F2F-CA46-4C6D-96B5-594B26E1C838}.Release|Any CPU.Build.0 = Release|Any CPU
		{5A33B608-B4FC-4841-A7DA-878291DD15B4}.Debug|Any CPU.ActiveCfg = Debug|Any CPU
		{5A33B608-B4FC-4841-A7DA-878291DD15B4}.Debug|Any CPU.Build.0 = Debug|Any CPU
		{5A33B608-B4FC-4841-A7DA-878291DD15B4}.Release|Any CPU.ActiveCfg = Release|Any CPU
		{5A33B608-B4FC-4841-A7DA-878291DD15B4}.Release|Any CPU.Build.0 = Release|Any CPU
		{A1635EE2-100B-49AB-8D1B-AAA257E5D120}.Debug|Any CPU.ActiveCfg = Debug|Any CPU
		{A1635EE2-100B-49AB-8D1B-AAA257E5D120}.Debug|Any CPU.Build.0 = Debug|Any CPU
		{A1635EE2-100B-49AB-8D1B-AAA257E5D120}.Release|Any CPU.ActiveCfg = Release|Any CPU
		{A1635EE2-100B-49AB-8D1B-AAA257E5D120}.Release|Any CPU.Build.0 = Release|Any CPU
		{8E1A3E2B-021B-4C6B-85EB-047195D25A64}.Debug|Any CPU.ActiveCfg = Debug|Any CPU
		{8E1A3E2B-021B-4C6B-85EB-047195D25A64}.Debug|Any CPU.Build.0 = Debug|Any CPU
		{8E1A3E2B-021B-4C6B-85EB-047195D25A64}.Release|Any CPU.ActiveCfg = Release|Any CPU
		{8E1A3E2B-021B-4C6B-85EB-047195D25A64}.Release|Any CPU.Build.0 = Release|Any CPU
		{D15A11EA-0FDB-4B96-B611-1718DE0C17AB}.Debug|Any CPU.ActiveCfg = Debug|Any CPU
		{D15A11EA-0FDB-4B96-B611-1718DE0C17AB}.Debug|Any CPU.Build.0 = Debug|Any CPU
		{D15A11EA-0FDB-4B96-B611-1718DE0C17AB}.Release|Any CPU.ActiveCfg = Release|Any CPU
		{D15A11EA-0FDB-4B96-B611-1718DE0C17AB}.Release|Any CPU.Build.0 = Release|Any CPU
		{2D93BAB6-A755-4C45-9967-671095FBFE26}.Debug|Any CPU.ActiveCfg = Debug|Any CPU
		{2D93BAB6-A755-4C45-9967-671095FBFE26}.Debug|Any CPU.Build.0 = Debug|Any CPU
		{2D93BAB6-A755-4C45-9967-671095FBFE26}.Release|Any CPU.ActiveCfg = Release|Any CPU
		{2D93BAB6-A755-4C45-9967-671095FBFE26}.Release|Any CPU.Build.0 = Release|Any CPU
		{FB7F3CB4-1161-4DF2-BC9E-7C17F6344A71}.Debug|Any CPU.ActiveCfg = Debug|Any CPU
		{FB7F3CB4-1161-4DF2-BC9E-7C17F6344A71}.Debug|Any CPU.Build.0 = Debug|Any CPU
		{FB7F3CB4-1161-4DF2-BC9E-7C17F6344A71}.Release|Any CPU.ActiveCfg = Release|Any CPU
		{FB7F3CB4-1161-4DF2-BC9E-7C17F6344A71}.Release|Any CPU.Build.0 = Release|Any CPU
		{CC744E1E-09AD-46B6-A090-8DA7EF839190}.Debug|Any CPU.ActiveCfg = Debug|Any CPU
		{CC744E1E-09AD-46B6-A090-8DA7EF839190}.Debug|Any CPU.Build.0 = Debug|Any CPU
		{CC744E1E-09AD-46B6-A090-8DA7EF839190}.Release|Any CPU.ActiveCfg = Release|Any CPU
		{CC744E1E-09AD-46B6-A090-8DA7EF839190}.Release|Any CPU.Build.0 = Release|Any CPU
		{4C70BE82-659D-473F-9EEB-066A9D3BD9F3}.Debug|Any CPU.ActiveCfg = Debug|Any CPU
		{4C70BE82-659D-473F-9EEB-066A9D3BD9F3}.Debug|Any CPU.Build.0 = Debug|Any CPU
		{4C70BE82-659D-473F-9EEB-066A9D3BD9F3}.Release|Any CPU.ActiveCfg = Release|Any CPU
		{4C70BE82-659D-473F-9EEB-066A9D3BD9F3}.Release|Any CPU.Build.0 = Release|Any CPU
		{38CC3DEE-B6E6-4BCE-AC1F-48D213907427}.Debug|Any CPU.ActiveCfg = Debug|Any CPU
		{38CC3DEE-B6E6-4BCE-AC1F-48D213907427}.Debug|Any CPU.Build.0 = Debug|Any CPU
		{38CC3DEE-B6E6-4BCE-AC1F-48D213907427}.Release|Any CPU.ActiveCfg = Release|Any CPU
		{38CC3DEE-B6E6-4BCE-AC1F-48D213907427}.Release|Any CPU.Build.0 = Release|Any CPU
		{7E9C1D64-E90F-49BA-88BF-85C714EC096E}.Debug|Any CPU.ActiveCfg = Debug|Any CPU
		{7E9C1D64-E90F-49BA-88BF-85C714EC096E}.Debug|Any CPU.Build.0 = Debug|Any CPU
		{7E9C1D64-E90F-49BA-88BF-85C714EC096E}.Release|Any CPU.ActiveCfg = Release|Any CPU
		{7E9C1D64-E90F-49BA-88BF-85C714EC096E}.Release|Any CPU.Build.0 = Release|Any CPU
		{1B79F2CD-8BAA-4AF9-85C8-9B76C16C7621}.Debug|Any CPU.ActiveCfg = Debug|Any CPU
		{1B79F2CD-8BAA-4AF9-85C8-9B76C16C7621}.Debug|Any CPU.Build.0 = Debug|Any CPU
		{1B79F2CD-8BAA-4AF9-85C8-9B76C16C7621}.Release|Any CPU.ActiveCfg = Release|Any CPU
		{1B79F2CD-8BAA-4AF9-85C8-9B76C16C7621}.Release|Any CPU.Build.0 = Release|Any CPU
		{02A56CDE-5F88-459F-9EB5-3A1F75AA2FE2}.Debug|Any CPU.ActiveCfg = Debug|Any CPU
		{02A56CDE-5F88-459F-9EB5-3A1F75AA2FE2}.Debug|Any CPU.Build.0 = Debug|Any CPU
		{02A56CDE-5F88-459F-9EB5-3A1F75AA2FE2}.Release|Any CPU.ActiveCfg = Release|Any CPU
		{02A56CDE-5F88-459F-9EB5-3A1F75AA2FE2}.Release|Any CPU.Build.0 = Release|Any CPU
		{C7E9FC69-EF36-4149-BBCD-4BAC31B98A1C}.Debug|Any CPU.ActiveCfg = Debug|Any CPU
		{C7E9FC69-EF36-4149-BBCD-4BAC31B98A1C}.Debug|Any CPU.Build.0 = Debug|Any CPU
		{C7E9FC69-EF36-4149-BBCD-4BAC31B98A1C}.Release|Any CPU.ActiveCfg = Release|Any CPU
		{C7E9FC69-EF36-4149-BBCD-4BAC31B98A1C}.Release|Any CPU.Build.0 = Release|Any CPU
		{AD0279F5-8E01-4888-8493-979150B65601}.Debug|Any CPU.ActiveCfg = Debug|Any CPU
		{AD0279F5-8E01-4888-8493-979150B65601}.Debug|Any CPU.Build.0 = Debug|Any CPU
		{AD0279F5-8E01-4888-8493-979150B65601}.Release|Any CPU.ActiveCfg = Release|Any CPU
		{AD0279F5-8E01-4888-8493-979150B65601}.Release|Any CPU.Build.0 = Release|Any CPU
		{FC9F4482-D382-48A9-A9F5-1C35A38BEBDF}.Debug|Any CPU.ActiveCfg = Debug|Any CPU
		{FC9F4482-D382-48A9-A9F5-1C35A38BEBDF}.Debug|Any CPU.Build.0 = Debug|Any CPU
		{FC9F4482-D382-48A9-A9F5-1C35A38BEBDF}.Release|Any CPU.ActiveCfg = Release|Any CPU
		{FC9F4482-D382-48A9-A9F5-1C35A38BEBDF}.Release|Any CPU.Build.0 = Release|Any CPU
		{41B74984-E11C-4669-85B5-E89B2B9422A9}.Debug|Any CPU.ActiveCfg = Debug|Any CPU
		{41B74984-E11C-4669-85B5-E89B2B9422A9}.Debug|Any CPU.Build.0 = Debug|Any CPU
		{41B74984-E11C-4669-85B5-E89B2B9422A9}.Release|Any CPU.ActiveCfg = Release|Any CPU
		{41B74984-E11C-4669-85B5-E89B2B9422A9}.Release|Any CPU.Build.0 = Release|Any CPU
		{A7927D4B-0C99-4E2D-B458-40E9415B8ECD}.Debug|Any CPU.ActiveCfg = Debug|Any CPU
		{A7927D4B-0C99-4E2D-B458-40E9415B8ECD}.Debug|Any CPU.Build.0 = Debug|Any CPU
		{A7927D4B-0C99-4E2D-B458-40E9415B8ECD}.Release|Any CPU.ActiveCfg = Release|Any CPU
		{A7927D4B-0C99-4E2D-B458-40E9415B8ECD}.Release|Any CPU.Build.0 = Release|Any CPU
		{31311C50-B464-41BD-AF7D-C2AAF05DA422}.Debug|Any CPU.ActiveCfg = Debug|Any CPU
		{31311C50-B464-41BD-AF7D-C2AAF05DA422}.Debug|Any CPU.Build.0 = Debug|Any CPU
		{31311C50-B464-41BD-AF7D-C2AAF05DA422}.Release|Any CPU.ActiveCfg = Release|Any CPU
		{31311C50-B464-41BD-AF7D-C2AAF05DA422}.Release|Any CPU.Build.0 = Release|Any CPU
		{E42B11A4-5AE8-4EF5-918B-658FF3A24156}.Debug|Any CPU.ActiveCfg = Debug|Any CPU
		{E42B11A4-5AE8-4EF5-918B-658FF3A24156}.Debug|Any CPU.Build.0 = Debug|Any CPU
		{E42B11A4-5AE8-4EF5-918B-658FF3A24156}.Release|Any CPU.ActiveCfg = Release|Any CPU
		{E42B11A4-5AE8-4EF5-918B-658FF3A24156}.Release|Any CPU.Build.0 = Release|Any CPU
		{8E25AFA8-2D33-4305-9143-F215B9746CD3}.Debug|Any CPU.ActiveCfg = Debug|Any CPU
		{8E25AFA8-2D33-4305-9143-F215B9746CD3}.Debug|Any CPU.Build.0 = Debug|Any CPU
		{8E25AFA8-2D33-4305-9143-F215B9746CD3}.Release|Any CPU.ActiveCfg = Release|Any CPU
		{8E25AFA8-2D33-4305-9143-F215B9746CD3}.Release|Any CPU.Build.0 = Release|Any CPU
		{0ACAEC18-3E04-410A-B803-BF9AC5A3CE48}.Debug|Any CPU.ActiveCfg = Debug|Any CPU
		{0ACAEC18-3E04-410A-B803-BF9AC5A3CE48}.Debug|Any CPU.Build.0 = Debug|Any CPU
		{0ACAEC18-3E04-410A-B803-BF9AC5A3CE48}.Release|Any CPU.ActiveCfg = Release|Any CPU
		{0ACAEC18-3E04-410A-B803-BF9AC5A3CE48}.Release|Any CPU.Build.0 = Release|Any CPU
		{DB2B18B8-734F-45CF-8AF4-141E1C9F7522}.Debug|Any CPU.ActiveCfg = Debug|Any CPU
		{DB2B18B8-734F-45CF-8AF4-141E1C9F7522}.Debug|Any CPU.Build.0 = Debug|Any CPU
		{DB2B18B8-734F-45CF-8AF4-141E1C9F7522}.Release|Any CPU.ActiveCfg = Release|Any CPU
		{DB2B18B8-734F-45CF-8AF4-141E1C9F7522}.Release|Any CPU.Build.0 = Release|Any CPU
		{2E3DCE66-52B4-4E76-9E3C-6E4E8261EF7C}.Debug|Any CPU.ActiveCfg = Debug|Any CPU
		{2E3DCE66-52B4-4E76-9E3C-6E4E8261EF7C}.Debug|Any CPU.Build.0 = Debug|Any CPU
		{2E3DCE66-52B4-4E76-9E3C-6E4E8261EF7C}.Release|Any CPU.ActiveCfg = Release|Any CPU
		{2E3DCE66-52B4-4E76-9E3C-6E4E8261EF7C}.Release|Any CPU.Build.0 = Release|Any CPU
		{22FDCB12-F706-4B00-9ACA-85F965804C77}.Debug|Any CPU.ActiveCfg = Debug|Any CPU
		{22FDCB12-F706-4B00-9ACA-85F965804C77}.Debug|Any CPU.Build.0 = Debug|Any CPU
		{22FDCB12-F706-4B00-9ACA-85F965804C77}.Release|Any CPU.ActiveCfg = Release|Any CPU
		{22FDCB12-F706-4B00-9ACA-85F965804C77}.Release|Any CPU.Build.0 = Release|Any CPU
		{4235BBE3-D10D-4F13-9743-D89ECD8D6EBD}.Debug|Any CPU.ActiveCfg = Debug|Any CPU
		{4235BBE3-D10D-4F13-9743-D89ECD8D6EBD}.Debug|Any CPU.Build.0 = Debug|Any CPU
		{4235BBE3-D10D-4F13-9743-D89ECD8D6EBD}.Release|Any CPU.ActiveCfg = Release|Any CPU
		{4235BBE3-D10D-4F13-9743-D89ECD8D6EBD}.Release|Any CPU.Build.0 = Release|Any CPU
		{4D45A8F6-7A28-4100-8ADC-1B2BA0D612BF}.Debug|Any CPU.ActiveCfg = Debug|Any CPU
		{4D45A8F6-7A28-4100-8ADC-1B2BA0D612BF}.Debug|Any CPU.Build.0 = Debug|Any CPU
		{4D45A8F6-7A28-4100-8ADC-1B2BA0D612BF}.Release|Any CPU.ActiveCfg = Release|Any CPU
		{4D45A8F6-7A28-4100-8ADC-1B2BA0D612BF}.Release|Any CPU.Build.0 = Release|Any CPU
		{2E76A89D-B07C-4BE9-8275-F08697898E4F}.Debug|Any CPU.ActiveCfg = Debug|Any CPU
		{2E76A89D-B07C-4BE9-8275-F08697898E4F}.Debug|Any CPU.Build.0 = Debug|Any CPU
		{2E76A89D-B07C-4BE9-8275-F08697898E4F}.Release|Any CPU.ActiveCfg = Release|Any CPU
		{2E76A89D-B07C-4BE9-8275-F08697898E4F}.Release|Any CPU.Build.0 = Release|Any CPU
		{A5CBAA19-C9B2-4026-9802-728D837EBA26}.Debug|Any CPU.ActiveCfg = Debug|Any CPU
		{A5CBAA19-C9B2-4026-9802-728D837EBA26}.Debug|Any CPU.Build.0 = Debug|Any CPU
		{A5CBAA19-C9B2-4026-9802-728D837EBA26}.Release|Any CPU.ActiveCfg = Release|Any CPU
		{A5CBAA19-C9B2-4026-9802-728D837EBA26}.Release|Any CPU.Build.0 = Release|Any CPU
		{DE445091-E4B3-43A1-884A-5918664CF081}.Debug|Any CPU.ActiveCfg = Debug|Any CPU
		{DE445091-E4B3-43A1-884A-5918664CF081}.Debug|Any CPU.Build.0 = Debug|Any CPU
		{DE445091-E4B3-43A1-884A-5918664CF081}.Release|Any CPU.ActiveCfg = Release|Any CPU
		{DE445091-E4B3-43A1-884A-5918664CF081}.Release|Any CPU.Build.0 = Release|Any CPU
		{CBC5A080-AD76-4406-9C8D-5E34C2610007}.Debug|Any CPU.ActiveCfg = Debug|Any CPU
		{CBC5A080-AD76-4406-9C8D-5E34C2610007}.Debug|Any CPU.Build.0 = Debug|Any CPU
		{CBC5A080-AD76-4406-9C8D-5E34C2610007}.Release|Any CPU.ActiveCfg = Release|Any CPU
		{CBC5A080-AD76-4406-9C8D-5E34C2610007}.Release|Any CPU.Build.0 = Release|Any CPU
		{160D3E35-5151-4C16-99FC-F370AB81AB2C}.Debug|Any CPU.ActiveCfg = Debug|Any CPU
		{160D3E35-5151-4C16-99FC-F370AB81AB2C}.Debug|Any CPU.Build.0 = Debug|Any CPU
		{160D3E35-5151-4C16-99FC-F370AB81AB2C}.Release|Any CPU.ActiveCfg = Release|Any CPU
		{160D3E35-5151-4C16-99FC-F370AB81AB2C}.Release|Any CPU.Build.0 = Release|Any CPU
		{A77FB9C3-8F03-4891-9903-115F56B7E760}.Debug|Any CPU.ActiveCfg = Debug|Any CPU
		{A77FB9C3-8F03-4891-9903-115F56B7E760}.Debug|Any CPU.Build.0 = Debug|Any CPU
		{A77FB9C3-8F03-4891-9903-115F56B7E760}.Release|Any CPU.ActiveCfg = Release|Any CPU
		{A77FB9C3-8F03-4891-9903-115F56B7E760}.Release|Any CPU.Build.0 = Release|Any CPU
		{7558DF23-B700-4B4C-B469-AF8B5D821DC1}.Debug|Any CPU.ActiveCfg = Debug|Any CPU
		{7558DF23-B700-4B4C-B469-AF8B5D821DC1}.Debug|Any CPU.Build.0 = Debug|Any CPU
		{7558DF23-B700-4B4C-B469-AF8B5D821DC1}.Release|Any CPU.ActiveCfg = Release|Any CPU
		{7558DF23-B700-4B4C-B469-AF8B5D821DC1}.Release|Any CPU.Build.0 = Release|Any CPU
	EndGlobalSection
	GlobalSection(NestedProjects) = preSolution
		{54DA5F2F-CA46-4C6D-96B5-594B26E1C838} = {84CB38E5-CA86-4648-A905-821479C21859}
		{19A6DDB3-5757-4BF8-90B9-4AB7008BF264} = {84CB38E5-CA86-4648-A905-821479C21859}
		{5A33B608-B4FC-4841-A7DA-878291DD15B4} = {19A6DDB3-5757-4BF8-90B9-4AB7008BF264}
		{A1635EE2-100B-49AB-8D1B-AAA257E5D120} = {19A6DDB3-5757-4BF8-90B9-4AB7008BF264}
		{8E1A3E2B-021B-4C6B-85EB-047195D25A64} = {19A6DDB3-5757-4BF8-90B9-4AB7008BF264}
		{D15A11EA-0FDB-4B96-B611-1718DE0C17AB} = {19A6DDB3-5757-4BF8-90B9-4AB7008BF264}
		{C57D72B8-C720-4727-9F8B-8CFE96918765} = {84CB38E5-CA86-4648-A905-821479C21859}
		{2D93BAB6-A755-4C45-9967-671095FBFE26} = {C57D72B8-C720-4727-9F8B-8CFE96918765}
		{FB7F3CB4-1161-4DF2-BC9E-7C17F6344A71} = {C57D72B8-C720-4727-9F8B-8CFE96918765}
		{CC744E1E-09AD-46B6-A090-8DA7EF839190} = {C57D72B8-C720-4727-9F8B-8CFE96918765}
		{4C70BE82-659D-473F-9EEB-066A9D3BD9F3} = {C57D72B8-C720-4727-9F8B-8CFE96918765}
		{38CC3DEE-B6E6-4BCE-AC1F-48D213907427} = {C57D72B8-C720-4727-9F8B-8CFE96918765}
		{7E9C1D64-E90F-49BA-88BF-85C714EC096E} = {C57D72B8-C720-4727-9F8B-8CFE96918765}
		{25770CFC-857C-49B9-B0AD-5D0328412689} = {84CB38E5-CA86-4648-A905-821479C21859}
		{1B79F2CD-8BAA-4AF9-85C8-9B76C16C7621} = {25770CFC-857C-49B9-B0AD-5D0328412689}
		{C41D1C4B-F075-4BBF-B92C-8B2C4C9AF614} = {84CB38E5-CA86-4648-A905-821479C21859}
		{02A56CDE-5F88-459F-9EB5-3A1F75AA2FE2} = {C41D1C4B-F075-4BBF-B92C-8B2C4C9AF614}
		{C7E9FC69-EF36-4149-BBCD-4BAC31B98A1C} = {C41D1C4B-F075-4BBF-B92C-8B2C4C9AF614}
		{12437CBF-EF2A-407B-A226-A4ECABACC7BC} = {84CB38E5-CA86-4648-A905-821479C21859}
		{AD0279F5-8E01-4888-8493-979150B65601} = {12437CBF-EF2A-407B-A226-A4ECABACC7BC}
		{FC9F4482-D382-48A9-A9F5-1C35A38BEBDF} = {12437CBF-EF2A-407B-A226-A4ECABACC7BC}
		{41B74984-E11C-4669-85B5-E89B2B9422A9} = {12437CBF-EF2A-407B-A226-A4ECABACC7BC}
		{A7927D4B-0C99-4E2D-B458-40E9415B8ECD} = {12437CBF-EF2A-407B-A226-A4ECABACC7BC}
		{31311C50-B464-41BD-AF7D-C2AAF05DA422} = {12437CBF-EF2A-407B-A226-A4ECABACC7BC}
		{C2932E56-1F41-4A47-B3AA-3E36CE4AA527} = {84CB38E5-CA86-4648-A905-821479C21859}
		{DCCE128A-D6D9-44ED-8BC3-85C118A5C1C4} = {84CB38E5-CA86-4648-A905-821479C21859}
		{E42B11A4-5AE8-4EF5-918B-658FF3A24156} = {DCCE128A-D6D9-44ED-8BC3-85C118A5C1C4}
		{8E25AFA8-2D33-4305-9143-F215B9746CD3} = {DCCE128A-D6D9-44ED-8BC3-85C118A5C1C4}
		{0ACAEC18-3E04-410A-B803-BF9AC5A3CE48} = {DCCE128A-D6D9-44ED-8BC3-85C118A5C1C4}
		{DB2B18B8-734F-45CF-8AF4-141E1C9F7522} = {DCCE128A-D6D9-44ED-8BC3-85C118A5C1C4}
		{2E3DCE66-52B4-4E76-9E3C-6E4E8261EF7C} = {DCCE128A-D6D9-44ED-8BC3-85C118A5C1C4}
		{22FDCB12-F706-4B00-9ACA-85F965804C77} = {C2932E56-1F41-4A47-B3AA-3E36CE4AA527}
		{4235BBE3-D10D-4F13-9743-D89ECD8D6EBD} = {C2932E56-1F41-4A47-B3AA-3E36CE4AA527}
		{4D45A8F6-7A28-4100-8ADC-1B2BA0D612BF} = {C2932E56-1F41-4A47-B3AA-3E36CE4AA527}
		{3D4F902B-F257-45F0-BE59-8515248EF904} = {84CB38E5-CA86-4648-A905-821479C21859}
		{6AEC4C71-7B0B-45AF-8F8C-74244AB9B0E5} = {3D4F902B-F257-45F0-BE59-8515248EF904}
		{2E76A89D-B07C-4BE9-8275-F08697898E4F} = {6AEC4C71-7B0B-45AF-8F8C-74244AB9B0E5}
		{A5CBAA19-C9B2-4026-9802-728D837EBA26} = {6AEC4C71-7B0B-45AF-8F8C-74244AB9B0E5}
		{DE445091-E4B3-43A1-884A-5918664CF081} = {6AEC4C71-7B0B-45AF-8F8C-74244AB9B0E5}
		{999CC6CA-74AA-40F3-9851-F073137C8C4A} = {3D4F902B-F257-45F0-BE59-8515248EF904}
		{CBC5A080-AD76-4406-9C8D-5E34C2610007} = {999CC6CA-74AA-40F3-9851-F073137C8C4A}
		{160D3E35-5151-4C16-99FC-F370AB81AB2C} = {999CC6CA-74AA-40F3-9851-F073137C8C4A}
		{A77FB9C3-8F03-4891-9903-115F56B7E760} = {999CC6CA-74AA-40F3-9851-F073137C8C4A}
		{7558DF23-B700-4B4C-B469-AF8B5D821DC1} = {999CC6CA-74AA-40F3-9851-F073137C8C4A}
	EndGlobalSection
EndGlobal
